
Microsoft Visual Studio Solution File, Format Version 12.00
# Visual Studio 15
VisualStudioVersion = 15.0.28307.1684
MinimumVisualStudioVersion = 10.0.40219.1
Project("{9A19103F-16F7-4668-BE54-9A1E7A4F7556}") = "CastleGenerator", "CastleGenerator.csproj", "{79B2B762-2894-4BC7-B797-92C157D5CDCA}"
EndProject
Global
	GlobalSection(SolutionConfigurationPlatforms) = preSolution
		Debug|Any CPU = Debug|Any CPU
		Release|Any CPU = Release|Any CPU
	EndGlobalSection
	GlobalSection(ProjectConfigurationPlatforms) = postSolution
		{79B2B762-2894-4BC7-B797-92C157D5CDCA}.Debug|Any CPU.ActiveCfg = Debug|Any CPU
		{79B2B762-2894-4BC7-B797-92C157D5CDCA}.Debug|Any CPU.Build.0 = Debug|Any CPU
		{79B2B762-2894-4BC7-B797-92C157D5CDCA}.Release|Any CPU.ActiveCfg = Release|Any CPU
		{79B2B762-2894-4BC7-B797-92C157D5CDCA}.Release|Any CPU.Build.0 = Release|Any CPU
	EndGlobalSection
	GlobalSection(SolutionProperties) = preSolution
		HideSolutionNode = FALSE
	EndGlobalSection
	GlobalSection(ExtensibilityGlobals) = postSolution
		SolutionGuid = {5746887B-27BC-4E83-8BAF-F0CDDA817722}
	EndGlobalSection
EndGlobal
